
Microsoft Visual Studio Solution File, Format Version 12.00
# Visual Studio Version 17
VisualStudioVersion = 17.12.35506.116
MinimumVisualStudioVersion = 10.0.40219.1
Project("{FAE04EC0-301F-11D3-BF4B-00C04F79EFBC}") = "CompanyManager.Library", "CompanyManager.Library\CompanyManager.Library.csproj", "{0957A837-56CC-4184-B114-58DB2434BF80}"
EndProject
Project("{FAE04EC0-301F-11D3-BF4B-00C04F79EFBC}") = "CompanyManager.API", "CompanyManager.API\CompanyManager.API.csproj", "{CAEAD7AC-2D45-45AA-A90F-9617C6CD9899}"
EndProject
Project("{FAE04EC0-301F-11D3-BF4B-00C04F79EFBC}") = "CompanyManager.API.Library", "CompanyManager.API.Library\CompanyManager.API.Library.csproj", "{27818F70-6CAF-43B8-B64D-BA3690880619}"
EndProject
Project("{FAE04EC0-301F-11D3-BF4B-00C04F79EFBC}") = "CompanyManager.Library.Models", "CompanyManager.Library.Models\CompanyManager.Library.Models.csproj", "{5DC47C78-BDA5-4D01-8A8E-C32FD60579DD}"
EndProject
Project("{FAE04EC0-301F-11D3-BF4B-00C04F79EFBC}") = "CompanyManager.Console", "CompanyManager.Console\CompanyManager.Console.csproj", "{5F9EBEDD-E0AE-4C1A-B1D1-72F49AFC43D9}"
EndProject
Project("{FAE04EC0-301F-11D3-BF4B-00C04F79EFBC}") = "CompanyManager.WPF", "CompanyManager.WPF\CompanyManager.WPF.csproj", "{425C0812-DDAB-4EA2-91D6-9EE16FE91B70}"
EndProject
Global
	GlobalSection(SolutionConfigurationPlatforms) = preSolution
		Debug|Any CPU = Debug|Any CPU
		Release|Any CPU = Release|Any CPU
	EndGlobalSection
	GlobalSection(ProjectConfigurationPlatforms) = postSolution
		{0957A837-56CC-4184-B114-58DB2434BF80}.Debug|Any CPU.ActiveCfg = Debug|Any CPU
		{0957A837-56CC-4184-B114-58DB2434BF80}.Debug|Any CPU.Build.0 = Debug|Any CPU
		{0957A837-56CC-4184-B114-58DB2434BF80}.Release|Any CPU.ActiveCfg = Release|Any CPU
		{0957A837-56CC-4184-B114-58DB2434BF80}.Release|Any CPU.Build.0 = Release|Any CPU
		{CAEAD7AC-2D45-45AA-A90F-9617C6CD9899}.Debug|Any CPU.ActiveCfg = Debug|Any CPU
		{CAEAD7AC-2D45-45AA-A90F-9617C6CD9899}.Debug|Any CPU.Build.0 = Debug|Any CPU
		{CAEAD7AC-2D45-45AA-A90F-9617C6CD9899}.Release|Any CPU.ActiveCfg = Release|Any CPU
		{CAEAD7AC-2D45-45AA-A90F-9617C6CD9899}.Release|Any CPU.Build.0 = Release|Any CPU
		{27818F70-6CAF-43B8-B64D-BA3690880619}.Debug|Any CPU.ActiveCfg = Debug|Any CPU
		{27818F70-6CAF-43B8-B64D-BA3690880619}.Debug|Any CPU.Build.0 = Debug|Any CPU
		{27818F70-6CAF-43B8-B64D-BA3690880619}.Release|Any CPU.ActiveCfg = Release|Any CPU
		{27818F70-6CAF-43B8-B64D-BA3690880619}.Release|Any CPU.Build.0 = Release|Any CPU
		{5DC47C78-BDA5-4D01-8A8E-C32FD60579DD}.Debug|Any CPU.ActiveCfg = Debug|Any CPU
		{5DC47C78-BDA5-4D01-8A8E-C32FD60579DD}.Debug|Any CPU.Build.0 = Debug|Any CPU
		{5DC47C78-BDA5-4D01-8A8E-C32FD60579DD}.Release|Any CPU.ActiveCfg = Release|Any CPU
		{5DC47C78-BDA5-4D01-8A8E-C32FD60579DD}.Release|Any CPU.Build.0 = Release|Any CPU
		{5F9EBEDD-E0AE-4C1A-B1D1-72F49AFC43D9}.Debug|Any CPU.ActiveCfg = Debug|Any CPU
		{5F9EBEDD-E0AE-4C1A-B1D1-72F49AFC43D9}.Debug|Any CPU.Build.0 = Debug|Any CPU
		{5F9EBEDD-E0AE-4C1A-B1D1-72F49AFC43D9}.Release|Any CPU.ActiveCfg = Release|Any CPU
		{5F9EBEDD-E0AE-4C1A-B1D1-72F49AFC43D9}.Release|Any CPU.Build.0 = Release|Any CPU
		{425C0812-DDAB-4EA2-91D6-9EE16FE91B70}.Debug|Any CPU.ActiveCfg = Debug|Any CPU
		{425C0812-DDAB-4EA2-91D6-9EE16FE91B70}.Debug|Any CPU.Build.0 = Debug|Any CPU
		{425C0812-DDAB-4EA2-91D6-9EE16FE91B70}.Release|Any CPU.ActiveCfg = Release|Any CPU
		{425C0812-DDAB-4EA2-91D6-9EE16FE91B70}.Release|Any CPU.Build.0 = Release|Any CPU
	EndGlobalSection
	GlobalSection(SolutionProperties) = preSolution
		HideSolutionNode = FALSE
	EndGlobalSection
EndGlobal
