
Microsoft Visual Studio Solution File, Format Version 12.00
# Visual Studio Version 17
VisualStudioVersion = 17.12.35506.116
MinimumVisualStudioVersion = 10.0.40219.1
Project("{FAE04EC0-301F-11D3-BF4B-00C04F79EFBC}") = "CompanyManager.Library", "CompanyManager.Library\CompanyManager.Library.csproj", "{0957A837-56CC-4184-B114-58DB2434BF80}"
EndProject
Project("{FAE04EC0-301F-11D3-BF4B-00C04F79EFBC}") = "CompanyManager.API", "CompanyManager.API\CompanyManager.API.csproj", "{CAEAD7AC-2D45-45AA-A90F-9617C6CD9899}"
EndProject
Project("{FAE04EC0-301F-11D3-BF4B-00C04F79EFBC}") = "CompanyManager.API.Library", "CompanyManager.API.Library\CompanyManager.API.Library.csproj", "{27818F70-6CAF-43B8-B64D-BA3690880619}"
EndProject
Global
	GlobalSection(SolutionConfigurationPlatforms) = preSolution
		Debug|Any CPU = Debug|Any CPU
		Release|Any CPU = Release|Any CPU
	EndGlobalSection
	GlobalSection(ProjectConfigurationPlatforms) = postSolution
		{0957A837-56CC-4184-B114-58DB2434BF80}.Debug|Any CPU.ActiveCfg = Debug|Any CPU
		{0957A837-56CC-4184-B114-58DB2434BF80}.Debug|Any CPU.Build.0 = Debug|Any CPU
		{0957A837-56CC-4184-B114-58DB2434BF80}.Release|Any CPU.ActiveCfg = Release|Any CPU
		{0957A837-56CC-4184-B114-58DB2434BF80}.Release|Any CPU.Build.0 = Release|Any CPU
		{CAEAD7AC-2D45-45AA-A90F-9617C6CD9899}.Debug|Any CPU.ActiveCfg = Debug|Any CPU
		{CAEAD7AC-2D45-45AA-A90F-9617C6CD9899}.Debug|Any CPU.Build.0 = Debug|Any CPU
		{CAEAD7AC-2D45-45AA-A90F-9617C6CD9899}.Release|Any CPU.ActiveCfg = Release|Any CPU
		{CAEAD7AC-2D45-45AA-A90F-9617C6CD9899}.Release|Any CPU.Build.0 = Release|Any CPU
		{27818F70-6CAF-43B8-B64D-BA3690880619}.Debug|Any CPU.ActiveCfg = Debug|Any CPU
		{27818F70-6CAF-43B8-B64D-BA3690880619}.Debug|Any CPU.Build.0 = Debug|Any CPU
		{27818F70-6CAF-43B8-B64D-BA3690880619}.Release|Any CPU.ActiveCfg = Release|Any CPU
		{27818F70-6CAF-43B8-B64D-BA3690880619}.Release|Any CPU.Build.0 = Release|Any CPU
	EndGlobalSection
	GlobalSection(SolutionProperties) = preSolution
		HideSolutionNode = FALSE
	EndGlobalSection
EndGlobal
